
Microsoft Visual Studio Solution File, Format Version 12.00
# Visual Studio 15
VisualStudioVersion = 15.0.27703.2042
MinimumVisualStudioVersion = 10.0.40219.1
Project("{8BC9CEB8-8B4A-11D0-8D11-00A0C91BC942}") = "BFS", "BFS\BFS.vcxproj", "{78C5779A-099E-4EB6-9C12-8D4B353B10FF}"
EndProject
Project("{8BC9CEB8-8B4A-11D0-8D11-00A0C91BC942}") = "DFS", "DFS\DFS.vcxproj", "{B6884CCE-9473-4AA4-9FCA-8DDFEBA00B2A}"
EndProject
Project("{8BC9CEB8-8B4A-11D0-8D11-00A0C91BC942}") = "Dijkstra", "Dijkstra\Dijkstra.vcxproj", "{942EE556-C7D6-401E-A602-399435C8A291}"
EndProject
Global
	GlobalSection(SolutionConfigurationPlatforms) = preSolution
		Debug|x64 = Debug|x64
		Debug|x86 = Debug|x86
		Release|x64 = Release|x64
		Release|x86 = Release|x86
	EndGlobalSection
	GlobalSection(ProjectConfigurationPlatforms) = postSolution
		{78C5779A-099E-4EB6-9C12-8D4B353B10FF}.Debug|x64.ActiveCfg = Debug|x64
		{78C5779A-099E-4EB6-9C12-8D4B353B10FF}.Debug|x64.Build.0 = Debug|x64
		{78C5779A-099E-4EB6-9C12-8D4B353B10FF}.Debug|x86.ActiveCfg = Debug|Win32
		{78C5779A-099E-4EB6-9C12-8D4B353B10FF}.Debug|x86.Build.0 = Debug|Win32
		{78C5779A-099E-4EB6-9C12-8D4B353B10FF}.Release|x64.ActiveCfg = Release|x64
		{78C5779A-099E-4EB6-9C12-8D4B353B10FF}.Release|x64.Build.0 = Release|x64
		{78C5779A-099E-4EB6-9C12-8D4B353B10FF}.Release|x86.ActiveCfg = Release|Win32
		{78C5779A-099E-4EB6-9C12-8D4B353B10FF}.Release|x86.Build.0 = Release|Win32
		{B6884CCE-9473-4AA4-9FCA-8DDFEBA00B2A}.Debug|x64.ActiveCfg = Debug|x64
		{B6884CCE-9473-4AA4-9FCA-8DDFEBA00B2A}.Debug|x64.Build.0 = Debug|x64
		{B6884CCE-9473-4AA4-9FCA-8DDFEBA00B2A}.Debug|x86.ActiveCfg = Debug|Win32
		{B6884CCE-9473-4AA4-9FCA-8DDFEBA00B2A}.Debug|x86.Build.0 = Debug|Win32
		{B6884CCE-9473-4AA4-9FCA-8DDFEBA00B2A}.Release|x64.ActiveCfg = Release|x64
		{B6884CCE-9473-4AA4-9FCA-8DDFEBA00B2A}.Release|x64.Build.0 = Release|x64
		{B6884CCE-9473-4AA4-9FCA-8DDFEBA00B2A}.Release|x86.ActiveCfg = Release|Win32
		{B6884CCE-9473-4AA4-9FCA-8DDFEBA00B2A}.Release|x86.Build.0 = Release|Win32
		{942EE556-C7D6-401E-A602-399435C8A291}.Debug|x64.ActiveCfg = Debug|x64
		{942EE556-C7D6-401E-A602-399435C8A291}.Debug|x64.Build.0 = Debug|x64
		{942EE556-C7D6-401E-A602-399435C8A291}.Debug|x86.ActiveCfg = Debug|Win32
		{942EE556-C7D6-401E-A602-399435C8A291}.Debug|x86.Build.0 = Debug|Win32
		{942EE556-C7D6-401E-A602-399435C8A291}.Release|x64.ActiveCfg = Release|x64
		{942EE556-C7D6-401E-A602-399435C8A291}.Release|x64.Build.0 = Release|x64
		{942EE556-C7D6-401E-A602-399435C8A291}.Release|x86.ActiveCfg = Release|Win32
		{942EE556-C7D6-401E-A602-399435C8A291}.Release|x86.Build.0 = Release|Win32
	EndGlobalSection
	GlobalSection(SolutionProperties) = preSolution
		HideSolutionNode = FALSE
	EndGlobalSection
	GlobalSection(ExtensibilityGlobals) = postSolution
		SolutionGuid = {89E767C5-7470-4CDF-A300-AB7457203E61}
	EndGlobalSection
EndGlobal
